lockfileVersion: '9.0'

settings:
  autoInstallPeers: true
  excludeLinksFromLockfile: false

importers:

  .:
    dependencies:
      '@vue/repl':
        specifier: 4.6.3
        version: 4.6.3
      fflate:
        specifier: ^0.8.0
        version: 0.8.2
      markdown-it:
        specifier: ^13.0.1
        version: 13.0.2
      markdown-it-container:
        specifier: 4.0.0
        version: 4.0.0
    devDependencies:
      '@types/markdown-it':
        specifier: ^13.0.1
        version: 13.0.9
      '@types/markdown-it-container':
        specifier: ^2.0.6
        version: 2.0.10
      typescript:
        specifier: ^5.2.2
        version: 5.9.2

packages:

  '@types/linkify-it@3.0.5':
    resolution: {integrity: sha512-yg6E+u0/+Zjva+buc3EIb+29XEg4wltq7cSmd4Uc2EE/1nUVmxyzpX6gUXD0V8jIrG0r7YeOGVIbYRkxeooCtw==}

  '@types/markdown-it-container@2.0.10':
    resolution: {integrity: sha512-zv+YxrlSYRq51e9kzm3orv4OvF4U79Ll1OyplNXr00o4ZC/8PukJk/jEWH7CnsMtrSWZlyv0czhz42jm9J4uLw==}

  '@types/markdown-it@13.0.9':
    resolution: {integrity: sha512-1XPwR0+MgXLWfTn9gCsZ55AHOKW1WN+P9vr0PaQh5aerR9LLQXUbjfEAFhjmEmyoYFWAyuN2Mqkn40MZ4ukjBw==}

  '@types/mdurl@1.0.5':
    resolution: {integrity: sha512-6L6VymKTzYSrEf4Nev4Xa1LCHKrlTlYCBMTlQKFuddo1CvQcE52I0mwfOJayueUC7MJuXOeHTcIU683lzd0cUA==}

  '@vue/repl@4.6.3':
    resolution: {integrity: sha512-2ckL15D67pOlnH0wtPHkGCoggCzZiPqWuZbNeYvLQTY24ey6P6GX1TY6b7uruAIC6etecCJQdrGSnc+XXsWDDA==}

  argparse@2.0.1:
    resolution: {integrity: sha512-8+9WqebbFzpX9OR+Wa6O29asIogeRMzcGtAINdpMHHyAg10f05aSFVBbcEqGf/PXw1EjAZ+q2/bEBg3DvurK3Q==}

  entities@3.0.1:
    resolution: {integrity: sha512-WiyBqoomrwMdFG1e0kqvASYfnlb0lp8M5o5Fw2OFq1hNZxxcNk8Ik0Xm7LxzBhuidnZB/UtBqVCgUz3kBOP51Q==}
    engines: {node: '>=0.12'}

  fflate@0.8.2:
    resolution: {integrity: sha512-cPJU47OaAoCbg0pBvzsgpTPhmhqI5eJjh/JIu8tPj5q+T7iLvW/JAYUqmE7KOB4R1ZyEhzBaIQpQpardBF5z8A==}

  linkify-it@4.0.1:
    resolution: {integrity: sha512-C7bfi1UZmoj8+PQx22XyeXCuBlokoyWQL5pWSP+EI6nzRylyThouddufc2c1NDIcP9k5agmN9fLpA7VNJfIiqw==}

  markdown-it-container@4.0.0:
    resolution: {integrity: sha512-HaNccxUH0l7BNGYbFbjmGpf5aLHAMTinqRZQAEQbMr2cdD3z91Q6kIo1oUn1CQndkT03jat6ckrdRYuwwqLlQw==}

  markdown-it@13.0.2:
    resolution: {integrity: sha512-FtwnEuuK+2yVU7goGn/MJ0WBZMM9ZPgU9spqlFs7/A/pDIUNSOQZhUgOqYCficIuR2QaFnrt8LHqBWsbTAoI5w==}
    hasBin: true

  mdurl@1.0.1:
    resolution: {integrity: sha512-/sKlQJCBYVY9Ers9hqzKou4H6V5UWc/M59TH2dvkt+84itfnq7uFOMLpOiOS4ujvHP4etln18fmIxA5R5fll0g==}

  typescript@5.9.2:
    resolution: {integrity: sha512-CWBzXQrc/qOkhidw1OzBTQuYRbfyxDXJMVJ1XNwUHGROVmuaeiEm3OslpZ1RV96d7SKKjZKrSJu3+t/xlw3R9A==}
    engines: {node: '>=14.17'}
    hasBin: true

  uc.micro@1.0.6:
    resolution: {integrity: sha512-8Y75pvTYkLJW2hWQHXxoqRgV7qb9B+9vFEtidML+7koHUFapnVJAZ6cKs+Qjz5Aw3aZWHMC6u0wJE3At+nSGwA==}

snapshots:

  '@types/linkify-it@3.0.5': {}

  '@types/markdown-it-container@2.0.10':
    dependencies:
      '@types/markdown-it': 13.0.9

  '@types/markdown-it@13.0.9':
    dependencies:
      '@types/linkify-it': 3.0.5
      '@types/mdurl': 1.0.5

  '@types/mdurl@1.0.5': {}

  '@vue/repl@4.6.3': {}

  argparse@2.0.1: {}

  entities@3.0.1: {}

  fflate@0.8.2: {}

  linkify-it@4.0.1:
    dependencies:
      uc.micro: 1.0.6

  markdown-it-container@4.0.0: {}

  markdown-it@13.0.2:
    dependencies:
      argparse: 2.0.1
      entities: 3.0.1
      linkify-it: 4.0.1
      mdurl: 1.0.1
      uc.micro: 1.0.6

  mdurl@1.0.1: {}

  typescript@5.9.2: {}

  uc.micro@1.0.6: {}
